{
  "version": 4,
  "terraform_version": "1.14.1",
  "serial": 1,
  "lineage": "4d435c03-ec78-1499-ba3a-37f0cfc844fe",
  "outputs": {},
  "resources": [
    {
      "mode": "managed",
      "type": "aws_eks_cluster",
      "name": "trend-eks",
      "provider": "provider[\"registry.terraform.io/hashicorp/aws\"]",
      "instances": [
        {
          "schema_version": 1,
          "attributes": {
            "access_config": [
              {
                "authentication_mode": "API_AND_CONFIG_MAP",
                "bootstrap_cluster_creator_admin_permissions": true
              }
            ],
            "arn": "arn:aws:eks:ap-south-1:309539410867:cluster/trend-eks",
            "bootstrap_self_managed_addons": false,
            "certificate_authority": [
              {
                "data": "LS0tLS1CRUdJTiBDRVJUSUZJQ0FURS0tLS0tCk1JSURCVENDQWUyZ0F3SUJBZ0lJYVZqZENNbzR1QTB3RFFZSktvWklodmNOQVFFTEJRQXdGVEVUTUJFR0ExVUUKQXhNS2EzVmlaWEp1WlhSbGN6QWVGdzB5TlRFeU1EUXdOVEU0TlRkYUZ3MHpOVEV5TURJd05USXpOVGRhTUJVeApFekFSQmdOVkJBTVRDbXQxWW1WeWJtVjBaWE13Z2dFaU1BMEdDU3FHU0liM0RRRUJBUVVBQTRJQkR3QXdnZ0VLCkFvSUJBUUNpbllZNEJhVVJML3RoQVdydU5CMXFuYWtDRUlhc3g3bzkxUXJGSVUwRkFqN2c5eHdHVG5DbG9DdzgKb28zWFhRdCtnc0orTHlqclJacExiMDVPZUhKdzJWNS8wNVpRSUtiS0IwaS9MNkpaVzN4SkFBTGdXOFB6UFY2WQpDOHd4bnNqb3JpS3pQVGk4d05XMXhLK0FVbFkxOWdOOCt2TFVFMTFDWjNRcWNSeDFJcElEdmRCeXVNdlZESElwCnhPRURnS1RLVjg1d1JlL1hlZXFRR0lHbjE5RnMzN3lYRFZZdGptZWo1eUp5ZjAwSFdSZVFwK0cwNmJ5cXJiL0sKVGxmQWlyVjJPcStONkFya08wU2p5V21IVWtkRGNRdDk3N0Fsc0l3dWMyUDFYM1czK0JCMzNwZDVxRmhnQjdCUwpXZWJkMms5ME1sT0RIaW42akk3eGxYQmlVMVdEQWdNQkFBR2pXVEJYTUE0R0ExVWREd0VCL3dRRUF3SUNwREFQCkJnTlZIUk1CQWY4RUJUQURBUUgvTUIwR0ExVWREZ1FXQkJTMzFIU2NjTEpKT0IxYmplbkVENTYzSzQ5aEVEQVYKQmdOVkhSRUVEakFNZ2dwcmRXSmxjbTVsZEdWek1BMEdDU3FHU0liM0RRRUJDd1VBQTRJQkFRQkhIekxwOWExbwpzNzB2bmZSQzBtMFRlZU13VWtpL1FTZG82TVdGUElBK1lNQjlUYy8zdEQrNTlTdzU0eWRObmtWOWZSSlZObS9sCndUWnZMY0dKdWtJVUhGUDE0Ti9CVFpIVUh5Y25Vc2lhOU0wL0ZxbXVNT3ZUYWtpMlRld2FacjQwTnhJWndOd1YKK21JeVB5bFZtTG4rTnpiKysvRXVtdGtaOENPUDNsS2txd2UrMDVyYkRKOWtJa1V6NGRWTzV6a1RtVXF2OXlYbwpyaVdVc1IvK1ZmVDJXWmNWNFMyMTNQSDVpN2lxZE1qdGZCdVJ2a2xRbWkxYmdFNWs2Q1NIbE9aamY4SjFYZWFLCkhhczIvb2lpMldiNXpHZjlrd1dZb3lHTXRtWU84U2R1KzMxejJxdXBtbDB4RzNlOXFFM29oQnJVcHdKdEJiZjcKY1NpUE9DZUVVUmk2Ci0tLS0tRU5EIENFUlRJRklDQVRFLS0tLS0K"
              }
            ],
            "cluster_id": null,
            "compute_config": [],
            "control_plane_scaling_config": [
              {
                "tier": "standard"
              }
            ],
            "created_at": "2025-12-04T05:18:06Z",
            "deletion_protection": false,
            "enabled_cluster_log_types": [],
            "encryption_config": [],
            "endpoint": "https://4F489C373FAD9F623F55221DB9F93D93.gr7.ap-south-1.eks.amazonaws.com",
            "force_update_version": null,
            "id": "trend-eks",
            "identity": [
              {
                "oidc": [
                  {
                    "issuer": "https://oidc.eks.ap-south-1.amazonaws.com/id/4F489C373FAD9F623F55221DB9F93D93"
                  }
                ]
              }
            ],
            "kubernetes_network_config": [
              {
                "elastic_load_balancing": [
                  {
                    "enabled": false
                  }
                ],
                "ip_family": "ipv4",
                "service_ipv4_cidr": "10.100.0.0/16",
                "service_ipv6_cidr": ""
              }
            ],
            "name": "trend-eks",
            "outpost_config": [],
            "platform_version": "eks.57",
            "region": "ap-south-1",
            "remote_network_config": [],
            "role_arn": "arn:aws:iam::309539410867:role/eksctl-trend-eks-cluster-ServiceRole-F6DQvVDyF8hR",
            "status": "ACTIVE",
            "storage_config": [],
            "tags": {
              "Name": "eksctl-trend-eks-cluster/ControlPlane",
              "alpha.eksctl.io/cluster-name": "trend-eks",
              "alpha.eksctl.io/cluster-oidc-enabled": "false",
              "alpha.eksctl.io/eksctl-version": "0.220.0",
              "eksctl.cluster.k8s.io/v1alpha1/cluster-name": "trend-eks"
            },
            "tags_all": {
              "Name": "eksctl-trend-eks-cluster/ControlPlane",
              "alpha.eksctl.io/cluster-name": "trend-eks",
              "alpha.eksctl.io/cluster-oidc-enabled": "false",
              "alpha.eksctl.io/eksctl-version": "0.220.0",
              "eksctl.cluster.k8s.io/v1alpha1/cluster-name": "trend-eks"
            },
            "timeouts": null,
            "upgrade_policy": [
              {
                "support_type": "EXTENDED"
              }
            ],
            "version": "1.29",
            "vpc_config": [
              {
                "cluster_security_group_id": "sg-070c2480107d1a1c0",
                "endpoint_private_access": false,
                "endpoint_public_access": true,
                "public_access_cidrs": [
                  "0.0.0.0/0"
                ],
                "security_group_ids": [
                  "sg-0c9c6febc82506c62"
                ],
                "subnet_ids": [
                  "subnet-00575efd60467548b",
                  "subnet-023b5987d82a6e277",
                  "subnet-05807c99c0c96e7a6",
                  "subnet-0a3994c6a2ae813e3",
                  "subnet-0c9ad69d505b7a28d",
                  "subnet-0ffbbd5eb0d3f1dc5"
                ],
                "vpc_id": "vpc-0efdba1682e9404e6"
              }
            ],
            "zonal_shift_config": []
          },
          "sensitive_attributes": [],
          "identity_schema_version": 0,
          "private": "eyJlMmJmYjczMC1lY2FhLTExZTYtOGY4OC0zNDM2M2JjN2M0YzAiOnsiY3JlYXRlIjoxODAwMDAwMDAwMDAwLCJkZWxldGUiOjkwMDAwMDAwMDAwMCwidXBkYXRlIjozNjAwMDAwMDAwMDAwfSwic2NoZW1hX3ZlcnNpb24iOiIxIn0="
        }
      ]
    }
  ],
  "check_results": null
}
